{
  "name": "@francijpg/github-actions",
  "version": "0.0.1",
  "lockfileVersion": 3,
  "requires": true,
  "packages": {
    "": {
      "name": "@francijpg/github-actions",
      "version": "0.0.1",
      "license": "ISC",
      "dependencies": {
        "@francijpg/github-actions-package": "^0.0.2",
        "dotenv": "^16.0.3"
      }
    },
    "node_modules/@francijpg/github-actions-package": {
      "version": "0.0.2",
      "resolved": "https://npm.pkg.github.com/download/@francijpg/github-actions-package/0.0.2/441f0eb702d11e0eba3c68469ef6f8a60742a974",
      "integrity": "sha512-Ra4II3UzjSuJMf/hLFkLomHp0ZkeW96k4mQwERiXjjp1y42vS6uelXCpu/vAmduXKWFxRaE/46HhYKo43Y2fmw==",
      "license": "ISC"
    },
    "node_modules/dotenv": {
      "version": "16.0.3",
      "resolved": "https://registry.npmjs.org/dotenv/-/dotenv-16.0.3.tgz",
      "integrity": "sha512-7GO6HghkA5fYG9TYnNxi14/7K9f5occMlp3zXAuSxn7CKCxt9xbNWG7yF8hTCSUchlfWSe3uLmlPfigevRItzQ==",
      "engines": {
        "node": ">=12"
      }
    }
  }
}
